// !$*UTF8*$!
{
	archiveVersion = 1;
	classes = {
	};
	objectVersion = 50;
	objects = {

/* Begin PBXBuildFile section */
		9A2D8CFD258DD850005E3DB7 /* TableViewCell.swift in Sources */ = {isa = PBXBuildFile; fileRef = 9A2D8CFB258DD850005E3DB7 /* TableViewCell.swift */; };
		9A2D8CFE258DD850005E3DB7 /* TableViewCell.xib in Resources */ = {isa = PBXBuildFile; fileRef = 9A2D8CFC258DD850005E3DB7 /* TableViewCell.xib */; };
		9A2D8D06258DDADB005E3DB7 /* SecondViewController.swift in Sources */ = {isa = PBXBuildFile; fileRef = 9A2D8D05258DDADB005E3DB7 /* SecondViewController.swift */; };
		9A38E268258B404A008BA174 /* AppDelegate.swift in Sources */ = {isa = PBXBuildFile; fileRef = 9A38E267258B404A008BA174 /* AppDelegate.swift */; };
		9A38E26A258B404A008BA174 /* SceneDelegate.swift in Sources */ = {isa = PBXBuildFile; fileRef = 9A38E269258B404A008BA174 /* SceneDelegate.swift */; };
		9A38E26C258B404A008BA174 /* ViewController.swift in Sources */ = {isa = PBXBuildFile; fileRef = 9A38E26B258B404A008BA174 /* ViewController.swift */; };
		9A38E26F258B404A008BA174 /* Main.storyboard in Resources */ = {isa = PBXBuildFile; fileRef = 9A38E26D258B404A008BA174 /* Main.storyboard */; };
		9A38E271258B404A008BA174 /* Assets.xcassets in Resources */ = {isa = PBXBuildFile; fileRef = 9A38E270258B404A008BA174 /* Assets.xcassets */; };
		9A38E274258B404A008BA174 /* LaunchScreen.storyboard in Resources */ = {isa = PBXBuildFile; fileRef = 9A38E272258B404A008BA174 /* LaunchScreen.storyboard */; };
		9A38E27F258B404A008BA174 /* JestockTests.swift in Sources */ = {isa = PBXBuildFile; fileRef = 9A38E27E258B404A008BA174 /* JestockTests.swift */; };
		9A38E28A258B404B008BA174 /* JestockUITests.swift in Sources */ = {isa = PBXBuildFile; fileRef = 9A38E289258B404B008BA174 /* JestockUITests.swift */; };
/* End PBXBuildFile section */

/* Begin PBXContainerItemProxy section */
		9A38E27B258B404A008BA174 /* PBXContainerItemProxy */ = {
			isa = PBXContainerItemProxy;
			containerPortal = 9A38E25C258B404A008BA174 /* Project object */;
			proxyType = 1;
			remoteGlobalIDString = 9A38E263258B404A008BA174;
			remoteInfo = Jestock;
		};
		9A38E286258B404B008BA174 /* PBXContainerItemProxy */ = {
			isa = PBXContainerItemProxy;
			containerPortal = 9A38E25C258B404A008BA174 /* Project object */;
			proxyType = 1;
			remoteGlobalIDString = 9A38E263258B404A008BA174;
			remoteInfo = Jestock;
		};
/* End PBXContainerItemProxy section */

/* Begin PBXFileReference section */
		9A2D8CFB258DD850005E3DB7 /* TableViewCell.swift */ = {isa = PBXFileReference; lastKnownFileType = sourcecode.swift; path = TableViewCell.swift; sourceTree = "<group>"; };
		9A2D8CFC258DD850005E3DB7 /* TableViewCell.xib */ = {isa = PBXFileReference; lastKnownFileType = file.xib; path = TableViewCell.xib; sourceTree = "<group>"; };
		9A2D8D05258DDADB005E3DB7 /* SecondViewController.swift */ = {isa = PBXFileReference; lastKnownFileType = sourcecode.swift; path = SecondViewController.swift; sourceTree = "<group>"; };
		9A38E264258B404A008BA174 /* Jestock.app */ = {isa = PBXFileReference; explicitFileType = wrapper.application; includeInIndex = 0; path = Jestock.app; sourceTree = BUILT_PRODUCTS_DIR; };
		9A38E267258B404A008BA174 /* AppDelegate.swift */ = {isa = PBXFileReference; lastKnownFileType = sourcecode.swift; path = AppDelegate.swift; sourceTree = "<group>"; };
		9A38E269258B404A008BA174 /* SceneDelegate.swift */ = {isa = PBXFileReference; lastKnownFileType = sourcecode.swift; path = SceneDelegate.swift; sourceTree = "<group>"; };
		9A38E26B258B404A008BA174 /* ViewController.swift */ = {isa = PBXFileReference; lastKnownFileType = sourcecode.swift; path = ViewController.swift; sourceTree = "<group>"; };
		9A38E26E258B404A008BA174 /* Base */ = {isa = PBXFileReference; lastKnownFileType = file.storyboard; name = Base; path = Base.lproj/Main.storyboard; sourceTree = "<group>"; };
		9A38E270258B404A008BA174 /* Assets.xcassets */ = {isa = PBXFileReference; lastKnownFileType = folder.assetcatalog; path = Assets.xcassets; sourceTree = "<group>"; };
		9A38E273258B404A008BA174 /* Base */ = {isa = PBXFileReference; lastKnownFileType = file.storyboard; name = Base; path = Base.lproj/LaunchScreen.storyboard; sourceTree = "<group>"; };
		9A38E275258B404A008BA174 /* Info.plist */ = {isa = PBXFileReference; lastKnownFileType = text.plist.xml; path = Info.plist; sourceTree = "<group>"; };
		9A38E27A258B404A008BA174 /* JestockTests.xctest */ = {isa = PBXFileReference; explicitFileType = wrapper.cfbundle; includeInIndex = 0; path = JestockTests.xctest; sourceTree = BUILT_PRODUCTS_DIR; };
		9A38E27E258B404A008BA174 /* JestockTests.swift */ = {isa = PBXFileReference; lastKnownFileType = sourcecode.swift; path = JestockTests.swift; sourceTree = "<group>"; };
		9A38E280258B404A008BA174 /* Info.plist */ = {isa = PBXFileReference; lastKnownFileType = text.plist.xml; path = Info.plist; sourceTree = "<group>"; };
		9A38E285258B404B008BA174 /* JestockUITests.xctest */ = {isa = PBXFileReference; explicitFileType = wrapper.cfbundle; includeInIndex = 0; path = JestockUITests.xctest; sourceTree = BUILT_PRODUCTS_DIR; };
		9A38E289258B404B008BA174 /* JestockUITests.swift */ = {isa = PBXFileReference; lastKnownFileType = sourcecode.swift; path = JestockUITests.swift; sourceTree = "<group>"; };
		9A38E28B258B404B008BA174 /* Info.plist */ = {isa = PBXFileReference; lastKnownFileType = text.plist.xml; path = Info.plist; sourceTree = "<group>"; };
/* End PBXFileReference section */

/* Begin PBXFrameworksBuildPhase section */
		9A38E261258B404A008BA174 /* Frameworks */ = {
			isa = PBXFrameworksBuildPhase;
			buildActionMask = 2147483647;
			files = (
			);
			runOnlyForDeploymentPostprocessing = 0;
		};
		9A38E277258B404A008BA174 /* Frameworks */ = {
			isa = PBXFrameworksBuildPhase;
			buildActionMask = 2147483647;
			files = (
			);
			runOnlyForDeploymentPostprocessing = 0;
		};
		9A38E282258B404B008BA174 /* Frameworks */ = {
			isa = PBXFrameworksBuildPhase;
			buildActionMask = 2147483647;
			files = (
			);
			runOnlyForDeploymentPostprocessing = 0;
		};
/* End PBXFrameworksBuildPhase section */

/* Begin PBXGroup section */
		9A2D8CFA258DD821005E3DB7 /* Cell */ = {
			isa = PBXGroup;
			children = (
				9A2D8CFB258DD850005E3DB7 /* TableViewCell.swift */,
				9A2D8CFC258DD850005E3DB7 /* TableViewCell.xib */,
			);
			path = Cell;
			sourceTree = "<group>";
		};
		9A38E25B258B404A008BA174 = {
			isa = PBXGroup;
			children = (
				9A38E266258B404A008BA174 /* Jestock */,
				9A38E288258B404B008BA174 /* JestockUITests */,
				9A38E265258B404A008BA174 /* Products */,
			);
			sourceTree = "<group>";
		};
		9A38E265258B404A008BA174 /* Products */ = {
			isa = PBXGroup;
			children = (
				9A38E264258B404A008BA174 /* Jestock.app */,
				9A38E27A258B404A008BA174 /* JestockTests.xctest */,
				9A38E285258B404B008BA174 /* JestockUITests.xctest */,
			);
			name = Products;
			sourceTree = "<group>";
		};
		9A38E266258B404A008BA174 /* Jestock */ = {
			isa = PBXGroup;
			children = (
				9A2D8CFA258DD821005E3DB7 /* Cell */,
				9A38E267258B404A008BA174 /* AppDelegate.swift */,
				9A38E269258B404A008BA174 /* SceneDelegate.swift */,
				9A38E26B258B404A008BA174 /* ViewController.swift */,
				9A2D8D05258DDADB005E3DB7 /* SecondViewController.swift */,
				9A38E26D258B404A008BA174 /* Main.storyboard */,
				9A38E270258B404A008BA174 /* Assets.xcassets */,
				9A38E272258B404A008BA174 /* LaunchScreen.storyboard */,
				9A38E275258B404A008BA174 /* Info.plist */,
				9A38E27D258B404A008BA174 /* JestockTests */,
			);
			path = Jestock;
			sourceTree = "<group>";
		};
		9A38E27D258B404A008BA174 /* JestockTests */ = {
			isa = PBXGroup;
			children = (
				9A38E27E258B404A008BA174 /* JestockTests.swift */,
				9A38E280258B404A008BA174 /* Info.plist */,
			);
			path = JestockTests;
			sourceTree = "<group>";
		};
		9A38E288258B404B008BA174 /* JestockUITests */ = {
			isa = PBXGroup;
			children = (
				9A38E289258B404B008BA174 /* JestockUITests.swift */,
				9A38E28B258B404B008BA174 /* Info.plist */,
			);
			path = JestockUITests;
			sourceTree = "<group>";
		};
/* End PBXGroup section */

/* Begin PBXNativeTarget section */
		9A38E263258B404A008BA174 /* Jestock */ = {
			isa = PBXNativeTarget;
			buildConfigurationList = 9A38E28E258B404B008BA174 /* Build configuration list for PBXNativeTarget "Jestock" */;
			buildPhases = (
				9A38E260258B404A008BA174 /* Sources */,
				9A38E261258B404A008BA174 /* Frameworks */,
				9A38E262258B404A008BA174 /* Resources */,
			);
			buildRules = (
			);
			dependencies = (
			);
			name = Jestock;
			productName = Jestock;
			productReference = 9A38E264258B404A008BA174 /* Jestock.app */;
			productType = "com.apple.product-type.application";
		};
		9A38E279258B404A008BA174 /* JestockTests */ = {
			isa = PBXNativeTarget;
			buildConfigurationList = 9A38E291258B404B008BA174 /* Build configuration list for PBXNativeTarget "JestockTests" */;
			buildPhases = (
				9A38E276258B404A008BA174 /* Sources */,
				9A38E277258B404A008BA174 /* Frameworks */,
				9A38E278258B404A008BA174 /* Resources */,
			);
			buildRules = (
			);
			dependencies = (
				9A38E27C258B404A008BA174 /* PBXTargetDependency */,
			);
			name = JestockTests;
			productName = JestockTests;
			productReference = 9A38E27A258B404A008BA174 /* JestockTests.xctest */;
			productType = "com.apple.product-type.bundle.unit-test";
		};
		9A38E284258B404B008BA174 /* JestockUITests */ = {
			isa = PBXNativeTarget;
			buildConfigurationList = 9A38E294258B404B008BA174 /* Build configuration list for PBXNativeTarget "JestockUITests" */;
			buildPhases = (
				9A38E281258B404B008BA174 /* Sources */,
				9A38E282258B404B008BA174 /* Frameworks */,
				9A38E283258B404B008BA174 /* Resources */,
			);
			buildRules = (
			);
			dependencies = (
				9A38E287258B404B008BA174 /* PBXTargetDependency */,
			);
			name = JestockUITests;
			productName = JestockUITests;
			productReference = 9A38E285258B404B008BA174 /* JestockUITests.xctest */;
			productType = "com.apple.product-type.bundle.ui-testing";
		};
/* End PBXNativeTarget section */

/* Begin PBXProject section */
		9A38E25C258B404A008BA174 /* Project object */ = {
			isa = PBXProject;
			attributes = {
				LastSwiftUpdateCheck = 1220;
				LastUpgradeCheck = 1220;
				TargetAttributes = {
					9A38E263258B404A008BA174 = {
						CreatedOnToolsVersion = 12.2;
					};
					9A38E279258B404A008BA174 = {
						CreatedOnToolsVersion = 12.2;
						TestTargetID = 9A38E263258B404A008BA174;
					};
					9A38E284258B404B008BA174 = {
						CreatedOnToolsVersion = 12.2;
						TestTargetID = 9A38E263258B404A008BA174;
					};
				};
			};
			buildConfigurationList = 9A38E25F258B404A008BA174 /* Build configuration list for PBXProject "Jestock" */;
			compatibilityVersion = "Xcode 9.3";
			developmentRegion = en;
			hasScannedForEncodings = 0;
			knownRegions = (
				en,
				Base,
			);
			mainGroup = 9A38E25B258B404A008BA174;
			productRefGroup = 9A38E265258B404A008BA174 /* Products */;
			projectDirPath = "";
			projectRoot = "";
			targets = (
				9A38E263258B404A008BA174 /* Jestock */,
				9A38E279258B404A008BA174 /* JestockTests */,
				9A38E284258B404B008BA174 /* JestockUITests */,
			);
		};
/* End PBXProject section */

/* Begin PBXResourcesBuildPhase section */
		9A38E262258B404A008BA174 /* Resources */ = {
			isa = PBXResourcesBuildPhase;
			buildActionMask = 2147483647;
			files = (
				9A38E274258B404A008BA174 /* LaunchScreen.storyboard in Resources */,
				9A2D8CFE258DD850005E3DB7 /* TableViewCell.xib in Resources */,
				9A38E271258B404A008BA174 /* Assets.xcassets in Resources */,
				9A38E26F258B404A008BA174 /* Main.storyboard in Resources */,
			);
			runOnlyForDeploymentPostprocessing = 0;
		};
		9A38E278258B404A008BA174 /* Resources */ = {
			isa = PBXResourcesBuildPhase;
			buildActionMask = 2147483647;
			files = (
			);
			runOnlyForDeploymentPostprocessing = 0;
		};
		9A38E283258B404B008BA174 /* Resources */ = {
			isa = PBXResourcesBuildPhase;
			buildActionMask = 2147483647;
			files = (
			);
			runOnlyForDeploymentPostprocessing = 0;
		};
/* End PBXResourcesBuildPhase section */

/* Begin PBXSourcesBuildPhase section */
		9A38E260258B404A008BA174 /* Sources */ = {
			isa = PBXSourcesBuildPhase;
			buildActionMask = 2147483647;
			files = (
				9A38E26C258B404A008BA174 /* ViewController.swift in Sources */,
				9A2D8CFD258DD850005E3DB7 /* TableViewCell.swift in Sources */,
				9A38E268258B404A008BA174 /* AppDelegate.swift in Sources */,
				9A2D8D06258DDADB005E3DB7 /* SecondViewController.swift in Sources */,
				9A38E26A258B404A008BA174 /* SceneDelegate.swift in Sources */,
			);
			runOnlyForDeploymentPostprocessing = 0;
		};
		9A38E276258B404A008BA174 /* Sources */ = {
			isa = PBXSourcesBuildPhase;
			buildActionMask = 2147483647;
			files = (
				9A38E27F258B404A008BA174 /* JestockTests.swift in Sources */,
			);
			runOnlyForDeploymentPostprocessing = 0;
		};
		9A38E281258B404B008BA174 /* Sources */ = {
			isa = PBXSourcesBuildPhase;
			buildActionMask = 2147483647;
			files = (
				9A38E28A258B404B008BA174 /* JestockUITests.swift in Sources */,
			);
			runOnlyForDeploymentPostprocessing = 0;
		};
/* End PBXSourcesBuildPhase section */

/* Begin PBXTargetDependency section */
		9A38E27C258B404A008BA174 /* PBXTargetDependency */ = {
			isa = PBXTargetDependency;
			target = 9A38E263258B404A008BA174 /* Jestock */;
			targetProxy = 9A38E27B258B404A008BA174 /* PBXContainerItemProxy */;
		};
		9A38E287258B404B008BA174 /* PBXTargetDependency */ = {
			isa = PBXTargetDependency;
			target = 9A38E263258B404A008BA174 /* Jestock */;
			targetProxy = 9A38E286258B404B008BA174 /* PBXContainerItemProxy */;
		};
/* End PBXTargetDependency section */

/* Begin PBXVariantGroup section */
		9A38E26D258B404A008BA174 /* Main.storyboard */ = {
			isa = PBXVariantGroup;
			children = (
				9A38E26E258B404A008BA174 /* Base */,
			);
			name = Main.storyboard;
			sourceTree = "<group>";
		};
		9A38E272258B404A008BA174 /* LaunchScreen.storyboard */ = {
			isa = PBXVariantGroup;
			children = (
				9A38E273258B404A008BA174 /* Base */,
			);
			name = LaunchScreen.storyboard;
			sourceTree = "<group>";
		};
/* End PBXVariantGroup section */

/* Begin XCBuildConfiguration section */
		9A38E28C258B404B008BA174 /* Debug */ = {
			isa = XCBuildConfiguration;
			buildSettings = {
				ALWAYS_SEARCH_USER_PATHS = NO;
				CLANG_ANALYZER_NONNULL = YES;
				CLANG_ANALYZER_NUMBER_OBJECT_CONVERSION = YES_AGGRESSIVE;
				CLANG_CXX_LANGUAGE_STANDARD = "gnu++14";
				CLANG_CXX_LIBRARY = "libc++";
				CLANG_ENABLE_MODULES = YES;
				CLANG_ENABLE_OBJC_ARC = YES;
				CLANG_ENABLE_OBJC_WEAK = YES;
				CLANG_WARN_BLOCK_CAPTURE_AUTORELEASING = YES;
				CLANG_WARN_BOOL_CONVERSION = YES;
				CLANG_WARN_COMMA = YES;
				CLANG_WARN_CONSTANT_CONVERSION = YES;
				CLANG_WARN_DEPRECATED_OBJC_IMPLEMENTATIONS = YES;
				CLANG_WARN_DIRECT_OBJC_ISA_USAGE = YES_ERROR;
				CLANG_WARN_DOCUMENTATION_COMMENTS = YES;
				CLANG_WARN_EMPTY_BODY = YES;
				CLANG_WARN_ENUM_CONVERSION = YES;
				CLANG_WARN_INFINITE_RECURSION = YES;
				CLANG_WARN_INT_CONVERSION = YES;
				CLANG_WARN_NON_LITERAL_NULL_CONVERSION = YES;
				CLANG_WARN_OBJC_IMPLICIT_RETAIN_SELF = YES;
				CLANG_WARN_OBJC_LITERAL_CONVERSION = YES;
				CLANG_WARN_OBJC_ROOT_CLASS = YES_ERROR;
				CLANG_WARN_QUOTED_INCLUDE_IN_FRAMEWORK_HEADER = YES;
				CLANG_WARN_RANGE_LOOP_ANALYSIS = YES;
				CLANG_WARN_STRICT_PROTOTYPES = YES;
				CLANG_WARN_SUSPICIOUS_MOVE = YES;
				CLANG_WARN_UNGUARDED_AVAILABILITY = YES_AGGRESSIVE;
				CLANG_WARN_UNREACHABLE_CODE = YES;
				CLANG_WARN__DUPLICATE_METHOD_MATCH = YES;
				COPY_PHASE_STRIP = NO;
				DEBUG_INFORMATION_FORMAT = dwarf;
				ENABLE_STRICT_OBJC_MSGSEND = YES;
				ENABLE_TESTABILITY = YES;
				GCC_C_LANGUAGE_STANDARD = gnu11;
				GCC_DYNAMIC_NO_PIC = NO;
				GCC_NO_COMMON_BLOCKS = YES;
				GCC_OPTIMIZATION_LEVEL = 0;
				GCC_PREPROCESSOR_DEFINITIONS = (
					"DEBUG=1",
					"$(inherited)",
				);
				GCC_WARN_64_TO_32_BIT_CONVERSION = YES;
				GCC_WARN_ABOUT_RETURN_TYPE = YES_ERROR;
				GCC_WARN_UNDECLARED_SELECTOR = YES;
				GCC_WARN_UNINITIALIZED_AUTOS = YES_AGGRESSIVE;
				GCC_WARN_UNUSED_FUNCTION = YES;
				GCC_WARN_UNUSED_VARIABLE = YES;
				IPHONEOS_DEPLOYMENT_TARGET = 14.2;
				MTL_ENABLE_DEBUG_INFO = INCLUDE_SOURCE;
				MTL_FAST_MATH = YES;
				ONLY_ACTIVE_ARCH = YES;
				SDKROOT = iphoneos;
				SWIFT_ACTIVE_COMPILATION_CONDITIONS = DEBUG;
				SWIFT_OPTIMIZATION_LEVEL = "-Onone";
			};
			name = Debug;
		};
		9A38E28D258B404B008BA174 /* Release */ = {
			isa = XCBuildConfiguration;
			buildSettings = {
				ALWAYS_SEARCH_USER_PATHS = NO;
				CLANG_ANALYZER_NONNULL = YES;
				CLANG_ANALYZER_NUMBER_OBJECT_CONVERSION = YES_AGGRESSIVE;
				CLANG_CXX_LANGUAGE_STANDARD = "gnu++14";
				CLANG_CXX_LIBRARY = "libc++";
				CLANG_ENABLE_MODULES = YES;
				CLANG_ENABLE_OBJC_ARC = YES;
				CLANG_ENABLE_OBJC_WEAK = YES;
				CLANG_WARN_BLOCK_CAPTURE_AUTORELEASING = YES;
				CLANG_WARN_BOOL_CONVERSION = YES;
				CLANG_WARN_COMMA = YES;
				CLANG_WARN_CONSTANT_CONVERSION = YES;
				CLANG_WARN_DEPRECATED_OBJC_IMPLEMENTATIONS = YES;
				CLANG_WARN_DIRECT_OBJC_ISA_USAGE = YES_ERROR;
				CLANG_WARN_DOCUMENTATION_COMMENTS = YES;
				CLANG_WARN_EMPTY_BODY = YES;
				CLANG_WARN_ENUM_CONVERSION = YES;
				CLANG_WARN_INFINITE_RECURSION = YES;
				CLANG_WARN_INT_CONVERSION = YES;
				CLANG_WARN_NON_LITERAL_NULL_CONVERSION = YES;
				CLANG_WARN_OBJC_IMPLICIT_RETAIN_SELF = YES;
				CLANG_WARN_OBJC_LITERAL_CONVERSION = YES;
				CLANG_WARN_OBJC_ROOT_CLASS = YES_ERROR;
				CLANG_WARN_QUOTED_INCLUDE_IN_FRAMEWORK_HEADER = YES;
				CLANG_WARN_RANGE_LOOP_ANALYSIS = YES;
				CLANG_WARN_STRICT_PROTOTYPES = YES;
				CLANG_WARN_SUSPICIOUS_MOVE = YES;
				CLANG_WARN_UNGUARDED_AVAILABILITY = YES_AGGRESSIVE;
				CLANG_WARN_UNREACHABLE_CODE = YES;
				CLANG_WARN__DUPLICATE_METHOD_MATCH = YES;
				COPY_PHASE_STRIP = NO;
				DEBUG_INFORMATION_FORMAT = "dwarf-with-dsym";
				ENABLE_NS_ASSERTIONS = NO;
				ENABLE_STRICT_OBJC_MSGSEND = YES;
				GCC_C_LANGUAGE_STANDARD = gnu11;
				GCC_NO_COMMON_BLOCKS = YES;
				GCC_WARN_64_TO_32_BIT_CONVERSION = YES;
				GCC_WARN_ABOUT_RETURN_TYPE = YES_ERROR;
				GCC_WARN_UNDECLARED_SELECTOR = YES;
				GCC_WARN_UNINITIALIZED_AUTOS = YES_AGGRESSIVE;
				GCC_WARN_UNUSED_FUNCTION = YES;
				GCC_WARN_UNUSED_VARIABLE = YES;
				IPHONEOS_DEPLOYMENT_TARGET = 14.2;
				MTL_ENABLE_DEBUG_INFO = NO;
				MTL_FAST_MATH = YES;
				SDKROOT = iphoneos;
				SWIFT_COMPILATION_MODE = wholemodule;
				SWIFT_OPTIMIZATION_LEVEL = "-O";
				VALIDATE_PRODUCT = YES;
			};
			name = Release;
		};
		9A38E28F258B404B008BA174 /* Debug */ = {
			isa = XCBuildConfiguration;
			buildSettings = {
				ASSETCATALOG_COMPILER_APPICON_NAME = AppIcon;
				ASSETCATALOG_COMPILER_GLOBAL_ACCENT_COLOR_NAME = AccentColor;
				CODE_SIGN_STYLE = Automatic;
				DEVELOPMENT_TEAM = 6XSU8A6MK4;
				INFOPLIST_FILE = Jestock/Info.plist;
				LD_RUNPATH_SEARCH_PATHS = (
					"$(inherited)",
					"@executable_path/Frameworks",
				);
				PRODUCT_BUNDLE_IDENTIFIER = com.jeremyjason.Jestock;
				PRODUCT_NAME = "$(TARGET_NAME)";
				SWIFT_VERSION = 5.0;
				TARGETED_DEVICE_FAMILY = "1,2";
			};
			name = Debug;
		};
		9A38E290258B404B008BA174 /* Release */ = {
			isa = XCBuildConfiguration;
			buildSettings = {
				ASSETCATALOG_COMPILER_APPICON_NAME = AppIcon;
				ASSETCATALOG_COMPILER_GLOBAL_ACCENT_COLOR_NAME = AccentColor;
				CODE_SIGN_STYLE = Automatic;
				DEVELOPMENT_TEAM = 6XSU8A6MK4;
				INFOPLIST_FILE = Jestock/Info.plist;
				LD_RUNPATH_SEARCH_PATHS = (
					"$(inherited)",
					"@executable_path/Frameworks",
				);
				PRODUCT_BUNDLE_IDENTIFIER = com.jeremyjason.Jestock;
				PRODUCT_NAME = "$(TARGET_NAME)";
				SWIFT_VERSION = 5.0;
				TARGETED_DEVICE_FAMILY = "1,2";
			};
			name = Release;
		};
		9A38E292258B404B008BA174 /* Debug */ = {
			isa = XCBuildConfiguration;
			buildSettings = {
				ALWAYS_EMBED_SWIFT_STANDARD_LIBRARIES = YES;
				BUNDLE_LOADER = "$(TEST_HOST)";
				CODE_SIGN_STYLE = Automatic;
				DEVELOPMENT_TEAM = 6XSU8A6MK4;
				INFOPLIST_FILE = JestockTests/Info.plist;
				IPHONEOS_DEPLOYMENT_TARGET = 14.2;
				LD_RUNPATH_SEARCH_PATHS = (
					"$(inherited)",
					"@executable_path/Frameworks",
					"@loader_path/Frameworks",
				);
				PRODUCT_BUNDLE_IDENTIFIER = com.jeremyjason.JestockTests;
				PRODUCT_NAME = "$(TARGET_NAME)";
				SWIFT_VERSION = 5.0;
				TARGETED_DEVICE_FAMILY = "1,2";
				TEST_HOST = "$(BUILT_PRODUCTS_DIR)/Jestock.app/Jestock";
			};
			name = Debug;
		};
		9A38E293258B404B008BA174 /* Release */ = {
			isa = XCBuildConfiguration;
			buildSettings = {
				ALWAYS_EMBED_SWIFT_STANDARD_LIBRARIES = YES;
				BUNDLE_LOADER = "$(TEST_HOST)";
				CODE_SIGN_STYLE = Automatic;
				DEVELOPMENT_TEAM = 6XSU8A6MK4;
				INFOPLIST_FILE = JestockTests/Info.plist;
				IPHONEOS_DEPLOYMENT_TARGET = 14.2;
				LD_RUNPATH_SEARCH_PATHS = (
					"$(inherited)",
					"@executable_path/Frameworks",
					"@loader_path/Frameworks",
				);
				PRODUCT_BUNDLE_IDENTIFIER = com.jeremyjason.JestockTests;
				PRODUCT_NAME = "$(TARGET_NAME)";
				SWIFT_VERSION = 5.0;
				TARGETED_DEVICE_FAMILY = "1,2";
				TEST_HOST = "$(BUILT_PRODUCTS_DIR)/Jestock.app/Jestock";
			};
			name = Release;
		};
		9A38E295258B404B008BA174 /* Debug */ = {
			isa = XCBuildConfiguration;
			buildSettings = {
				ALWAYS_EMBED_SWIFT_STANDARD_LIBRARIES = YES;
				CODE_SIGN_STYLE = Automatic;
				DEVELOPMENT_TEAM = 6XSU8A6MK4;
				INFOPLIST_FILE = JestockUITests/Info.plist;
				LD_RUNPATH_SEARCH_PATHS = (
					"$(inherited)",
					"@executable_path/Frameworks",
					"@loader_path/Frameworks",
				);
				PRODUCT_BUNDLE_IDENTIFIER = com.jeremyjason.JestockUITests;
				PRODUCT_NAME = "$(TARGET_NAME)";
				SWIFT_VERSION = 5.0;
				TARGETED_DEVICE_FAMILY = "1,2";
				TEST_TARGET_NAME = Jestock;
			};
			name = Debug;
		};
		9A38E296258B404B008BA174 /* Release */ = {
			isa = XCBuildConfiguration;
			buildSettings = {
				ALWAYS_EMBED_SWIFT_STANDARD_LIBRARIES = YES;
				CODE_SIGN_STYLE = Automatic;
				DEVELOPMENT_TEAM = 6XSU8A6MK4;
				INFOPLIST_FILE = JestockUITests/Info.plist;
				LD_RUNPATH_SEARCH_PATHS = (
					"$(inherited)",
					"@executable_path/Frameworks",
					"@loader_path/Frameworks",
				);
				PRODUCT_BUNDLE_IDENTIFIER = com.jeremyjason.JestockUITests;
				PRODUCT_NAME = "$(TARGET_NAME)";
				SWIFT_VERSION = 5.0;
				TARGETED_DEVICE_FAMILY = "1,2";
				TEST_TARGET_NAME = Jestock;
			};
			name = Release;
		};
/* End XCBuildConfiguration section */

/* Begin XCConfigurationList section */
		9A38E25F258B404A008BA174 /* Build configuration list for PBXProject "Jestock" */ = {
			isa = XCConfigurationList;
			buildConfigurations = (
				9A38E28C258B404B008BA174 /* Debug */,
				9A38E28D258B404B008BA174 /* Release */,
			);
			defaultConfigurationIsVisible = 0;
			defaultConfigurationName = Release;
		};
		9A38E28E258B404B008BA174 /* Build configuration list for PBXNativeTarget "Jestock" */ = {
			isa = XCConfigurationList;
			buildConfigurations = (
				9A38E28F258B404B008BA174 /* Debug */,
				9A38E290258B404B008BA174 /* Release */,
			);
			defaultConfigurationIsVisible = 0;
			defaultConfigurationName = Release;
		};
		9A38E291258B404B008BA174 /* Build configuration list for PBXNativeTarget "JestockTests" */ = {
			isa = XCConfigurationList;
			buildConfigurations = (
				9A38E292258B404B008BA174 /* Debug */,
				9A38E293258B404B008BA174 /* Release */,
			);
			defaultConfigurationIsVisible = 0;
			defaultConfigurationName = Release;
		};
		9A38E294258B404B008BA174 /* Build configuration list for PBXNativeTarget "JestockUITests" */ = {
			isa = XCConfigurationList;
			buildConfigurations = (
				9A38E295258B404B008BA174 /* Debug */,
				9A38E296258B404B008BA174 /* Release */,
			);
			defaultConfigurationIsVisible = 0;
			defaultConfigurationName = Release;
		};
/* End XCConfigurationList section */
	};
	rootObject = 9A38E25C258B404A008BA174 /* Project object */;
}
